
Microsoft Visual Studio Solution File, Format Version 12.00
# Visual Studio Version 16
VisualStudioVersion = 16.0.28803.452
MinimumVisualStudioVersion = 10.0.40219.1
Project("{FAE04EC0-301F-11D3-BF4B-00C04F79EFBC}") = "Lesson3", "Lesson3.csproj", "{3022276A-BF0D-43A8-AC95-2426CF765CEA}"
EndProject
Global
	GlobalSection(SolutionConfigurationPlatforms) = preSolution
		Debug|Any CPU = Debug|Any CPU
		Release|Any CPU = Release|Any CPU
	EndGlobalSection
	GlobalSection(ProjectConfigurationPlatforms) = postSolution
		{3022276A-BF0D-43A8-AC95-2426CF765CEA}.Debug|Any CPU.ActiveCfg = Debug|Any CPU
		{3022276A-BF0D-43A8-AC95-2426CF765CEA}.Debug|Any CPU.Build.0 = Debug|Any CPU
		{3022276A-BF0D-43A8-AC95-2426CF765CEA}.Release|Any CPU.ActiveCfg = Release|Any CPU
		{3022276A-BF0D-43A8-AC95-2426CF765CEA}.Release|Any CPU.Build.0 = Release|Any CPU
	EndGlobalSection
	GlobalSection(SolutionProperties) = preSolution
		HideSolutionNode = FALSE
	EndGlobalSection
	GlobalSection(ExtensibilityGlobals) = postSolution
		SolutionGuid = {54602325-1F05-4ECE-8B9A-7DC9DF0542FC}
	EndGlobalSection
EndGlobal
